{
    "_readme": [
        "This file locks the dependencies of your project to a known state",
        "Read more about it at https://getcomposer.org/doc/01-basic-usage.md#installing-dependencies",
        "This file is @generated automatically"
    ],
    "content-hash": "48db4ab44bc254d5081cf97f1c2dc128",
    "packages": [
        {
            "name": "automattic/woocommerce",
            "version": "3.1.0",
            "source": {
                "type": "git",
                "url": "https://github.com/woocommerce/wc-api-php.git",
                "reference": "d3b292f04c0b3b21dced691ebad8be073a83b4ad"
            },
            "dist": {
                "type": "zip",
                "url": "https://api.github.com/repos/woocommerce/wc-api-php/zipball/d3b292f04c0b3b21dced691ebad8be073a83b4ad",
                "reference": "d3b292f04c0b3b21dced691ebad8be073a83b4ad",
                "shasum": ""
            },
            "require": {
                "ext-curl": "*",
                "ext-json": "*",
                "php": ">= 7.1.0"
            },
            "require-dev": {
                "overtrue/phplint": "7.4.x-dev",
                "phpunit/phpunit": "^8",
                "squizlabs/php_codesniffer": "3.*"
            },
            "type": "library",
            "autoload": {
                "psr-4": {
                    "Automattic\\WooCommerce\\": [
                        "src/WooCommerce"
                    ]
                }
            },
            "notification-url": "https://packagist.org/downloads/",
            "license": [
                "MIT"
            ],
            "authors": [
                {
                    "name": "Claudio Sanches",
                    "email": "claudio.sanches@automattic.com"
                }
            ],
            "description": "A PHP wrapper for the WooCommerce REST API",
            "keywords": [
                "api",
                "woocommerce"
            ],
            "support": {
                "issues": "https://github.com/woocommerce/wc-api-php/issues",
                "source": "https://github.com/woocommerce/wc-api-php/tree/3.1.0"
            },
            "time": "2022-03-18T21:46:17+00:00"
        }
    ],
    "packages-dev": [],
    "aliases": [],
    "minimum-stability": "stable",
    "stability-flags": [],
    "prefer-stable": false,
    "prefer-lowest": false,
    "platform": [],
    "platform-dev": [],
    "plugin-api-version": "2.3.0"
}
